
Microsoft Visual Studio Solution File, Format Version 12.00
# Visual Studio Version 16
VisualStudioVersion = 16.0.29020.237
MinimumVisualStudioVersion = 10.0.40219.1
Project("{9A19103F-16F7-4668-BE54-9A1E7A4F7556}") = "TestPipeline", "TestPipeline.csproj", "{F5B26903-42A3-4EBB-9A46-6AAB52A99902}"
EndProject
Global
	GlobalSection(SolutionConfigurationPlatforms) = preSolution
		Debug|Any CPU = Debug|Any CPU
		Release|Any CPU = Release|Any CPU
	EndGlobalSection
	GlobalSection(ProjectConfigurationPlatforms) = postSolution
		{F5B26903-42A3-4EBB-9A46-6AAB52A99902}.Debug|Any CPU.ActiveCfg = Debug|Any CPU
		{F5B26903-42A3-4EBB-9A46-6AAB52A99902}.Debug|Any CPU.Build.0 = Debug|Any CPU
		{F5B26903-42A3-4EBB-9A46-6AAB52A99902}.Release|Any CPU.ActiveCfg = Release|Any CPU
		{F5B26903-42A3-4EBB-9A46-6AAB52A99902}.Release|Any CPU.Build.0 = Release|Any CPU
	EndGlobalSection
	GlobalSection(SolutionProperties) = preSolution
		HideSolutionNode = FALSE
	EndGlobalSection
	GlobalSection(ExtensibilityGlobals) = postSolution
		SolutionGuid = {B6DB73E8-3309-4B8A-8231-6A0ACE3FFC19}
	EndGlobalSection
EndGlobal
